
Microsoft Visual Studio Solution File, Format Version 12.00
# Visual Studio Version 17
VisualStudioVersion = 17.8.34525.116
MinimumVisualStudioVersion = 10.0.40219.1
Project("{FAE04EC0-301F-11D3-BF4B-00C04F79EFBC}") = "pfx-workshop-.net7.0", "pfx-workshop-.net7.0\pfx-workshop-.net7.0.csproj", "{867F5D30-6D5B-4636-9334-CF67939BDCA5}"
EndProject
Global
	GlobalSection(SolutionConfigurationPlatforms) = preSolution
		Debug|Any CPU = Debug|Any CPU
		Release|Any CPU = Release|Any CPU
	EndGlobalSection
	GlobalSection(ProjectConfigurationPlatforms) = postSolution
		{867F5D30-6D5B-4636-9334-CF67939BDCA5}.Debug|Any CPU.ActiveCfg = Debug|Any CPU
		{867F5D30-6D5B-4636-9334-CF67939BDCA5}.Debug|Any CPU.Build.0 = Debug|Any CPU
		{867F5D30-6D5B-4636-9334-CF67939BDCA5}.Release|Any CPU.ActiveCfg = Release|Any CPU
		{867F5D30-6D5B-4636-9334-CF67939BDCA5}.Release|Any CPU.Build.0 = Release|Any CPU
	EndGlobalSection
	GlobalSection(SolutionProperties) = preSolution
		HideSolutionNode = FALSE
	EndGlobalSection
	GlobalSection(ExtensibilityGlobals) = postSolution
		SolutionGuid = {5A2D4707-6D57-4FF3-A99B-78748B1B7513}
	EndGlobalSection
EndGlobal
